
Microsoft Visual Studio Solution File, Format Version 12.00
# Visual Studio Version 17
VisualStudioVersion = 17.13.35919.96 d17.13
MinimumVisualStudioVersion = 10.0.40219.1
Project("{FAE04EC0-301F-11D3-BF4B-00C04F79EFBC}") = "ToDoList-SQLv1", "ToDoList-SQLv1.csproj", "{EBE84272-AB34-476C-8AAD-9A4BF61BE5D5}"
EndProject
Global
	GlobalSection(SolutionConfigurationPlatforms) = preSolution
		Debug|Any CPU = Debug|Any CPU
		Release|Any CPU = Release|Any CPU
	EndGlobalSection
	GlobalSection(ProjectConfigurationPlatforms) = postSolution
		{EBE84272-AB34-476C-8AAD-9A4BF61BE5D5}.Debug|Any CPU.ActiveCfg = Debug|Any CPU
		{EBE84272-AB34-476C-8AAD-9A4BF61BE5D5}.Debug|Any CPU.Build.0 = Debug|Any CPU
		{EBE84272-AB34-476C-8AAD-9A4BF61BE5D5}.Release|Any CPU.ActiveCfg = Release|Any CPU
		{EBE84272-AB34-476C-8AAD-9A4BF61BE5D5}.Release|Any CPU.Build.0 = Release|Any CPU
	EndGlobalSection
	GlobalSection(SolutionProperties) = preSolution
		HideSolutionNode = FALSE
	EndGlobalSection
	GlobalSection(ExtensibilityGlobals) = postSolution
		SolutionGuid = {FF23471C-259E-48D7-978E-D9D8EB11B24C}
	EndGlobalSection
EndGlobal
